
Microsoft Visual Studio Solution File, Format Version 12.00
# Visual Studio 15
VisualStudioVersion = 15.0.26124.0
MinimumVisualStudioVersion = 15.0.26124.0
Project("{FAE04EC0-301F-11D3-BF4B-00C04F79EFBC}") = "CleanArchMvc.Application", "CleanArchMvc.Application\CleanArchMvc.Application.csproj", "{F887CC74-FCA0-4AC4-9F47-600EDE2CB4D0}"
EndProject
Project("{FAE04EC0-301F-11D3-BF4B-00C04F79EFBC}") = "CleanArchMvc.Domain", "CleanArchMvc.Domain\CleanArchMvc.Domain.csproj", "{69A6BBA7-2613-4C08-A34D-DF1A33055C6D}"
EndProject
Project("{FAE04EC0-301F-11D3-BF4B-00C04F79EFBC}") = "CleanArchMvc.Infra.Data", "CleanArchMvc.Infra.Data\CleanArchMvc.Infra.Data.csproj", "{63BC0DA3-E310-460B-B66F-05CD28D6EEC7}"
EndProject
Project("{FAE04EC0-301F-11D3-BF4B-00C04F79EFBC}") = "CleanArchMvc.Infra.IoC", "CleanArchMvc.Infra.IoC\CleanArchMvc.Infra.IoC.csproj", "{824A50AD-192D-4C4D-A95A-F3B8A3B1FF2B}"
EndProject
Project("{FAE04EC0-301F-11D3-BF4B-00C04F79EFBC}") = "CleanArchMvc.WebUI", "CleanArchMvc.WebUI\CleanArchMvc.WebUI.csproj", "{B005BD6B-979D-48B3-A6A8-D675A35EB6EB}"
EndProject
Global
	GlobalSection(SolutionConfigurationPlatforms) = preSolution
		Debug|Any CPU = Debug|Any CPU
		Debug|x64 = Debug|x64
		Debug|x86 = Debug|x86
		Release|Any CPU = Release|Any CPU
		Release|x64 = Release|x64
		Release|x86 = Release|x86
	EndGlobalSection
	GlobalSection(SolutionProperties) = preSolution
		HideSolutionNode = FALSE
	EndGlobalSection
	GlobalSection(ProjectConfigurationPlatforms) = postSolution
		{F887CC74-FCA0-4AC4-9F47-600EDE2CB4D0}.Debug|Any CPU.ActiveCfg = Debug|Any CPU
		{F887CC74-FCA0-4AC4-9F47-600EDE2CB4D0}.Debug|Any CPU.Build.0 = Debug|Any CPU
		{F887CC74-FCA0-4AC4-9F47-600EDE2CB4D0}.Debug|x64.ActiveCfg = Debug|Any CPU
		{F887CC74-FCA0-4AC4-9F47-600EDE2CB4D0}.Debug|x64.Build.0 = Debug|Any CPU
		{F887CC74-FCA0-4AC4-9F47-600EDE2CB4D0}.Debug|x86.ActiveCfg = Debug|Any CPU
		{F887CC74-FCA0-4AC4-9F47-600EDE2CB4D0}.Debug|x86.Build.0 = Debug|Any CPU
		{F887CC74-FCA0-4AC4-9F47-600EDE2CB4D0}.Release|Any CPU.ActiveCfg = Release|Any CPU
		{F887CC74-FCA0-4AC4-9F47-600EDE2CB4D0}.Release|Any CPU.Build.0 = Release|Any CPU
		{F887CC74-FCA0-4AC4-9F47-600EDE2CB4D0}.Release|x64.ActiveCfg = Release|Any CPU
		{F887CC74-FCA0-4AC4-9F47-600EDE2CB4D0}.Release|x64.Build.0 = Release|Any CPU
		{F887CC74-FCA0-4AC4-9F47-600EDE2CB4D0}.Release|x86.ActiveCfg = Release|Any CPU
		{F887CC74-FCA0-4AC4-9F47-600EDE2CB4D0}.Release|x86.Build.0 = Release|Any CPU
		{69A6BBA7-2613-4C08-A34D-DF1A33055C6D}.Debug|Any CPU.ActiveCfg = Debug|Any CPU
		{69A6BBA7-2613-4C08-A34D-DF1A33055C6D}.Debug|Any CPU.Build.0 = Debug|Any CPU
		{69A6BBA7-2613-4C08-A34D-DF1A33055C6D}.Debug|x64.ActiveCfg = Debug|Any CPU
		{69A6BBA7-2613-4C08-A34D-DF1A33055C6D}.Debug|x64.Build.0 = Debug|Any CPU
		{69A6BBA7-2613-4C08-A34D-DF1A33055C6D}.Debug|x86.ActiveCfg = Debug|Any CPU
		{69A6BBA7-2613-4C08-A34D-DF1A33055C6D}.Debug|x86.Build.0 = Debug|Any CPU
		{69A6BBA7-2613-4C08-A34D-DF1A33055C6D}.Release|Any CPU.ActiveCfg = Release|Any CPU
		{69A6BBA7-2613-4C08-A34D-DF1A33055C6D}.Release|Any CPU.Build.0 = Release|Any CPU
		{69A6BBA7-2613-4C08-A34D-DF1A33055C6D}.Release|x64.ActiveCfg = Release|Any CPU
		{69A6BBA7-2613-4C08-A34D-DF1A33055C6D}.Release|x64.Build.0 = Release|Any CPU
		{69A6BBA7-2613-4C08-A34D-DF1A33055C6D}.Release|x86.ActiveCfg = Release|Any CPU
		{69A6BBA7-2613-4C08-A34D-DF1A33055C6D}.Release|x86.Build.0 = Release|Any CPU
		{63BC0DA3-E310-460B-B66F-05CD28D6EEC7}.Debug|Any CPU.ActiveCfg = Debug|Any CPU
		{63BC0DA3-E310-460B-B66F-05CD28D6EEC7}.Debug|Any CPU.Build.0 = Debug|Any CPU
		{63BC0DA3-E310-460B-B66F-05CD28D6EEC7}.Debug|x64.ActiveCfg = Debug|Any CPU
		{63BC0DA3-E310-460B-B66F-05CD28D6EEC7}.Debug|x64.Build.0 = Debug|Any CPU
		{63BC0DA3-E310-460B-B66F-05CD28D6EEC7}.Debug|x86.ActiveCfg = Debug|Any CPU
		{63BC0DA3-E310-460B-B66F-05CD28D6EEC7}.Debug|x86.Build.0 = Debug|Any CPU
		{63BC0DA3-E310-460B-B66F-05CD28D6EEC7}.Release|Any CPU.ActiveCfg = Release|Any CPU
		{63BC0DA3-E310-460B-B66F-05CD28D6EEC7}.Release|Any CPU.Build.0 = Release|Any CPU
		{63BC0DA3-E310-460B-B66F-05CD28D6EEC7}.Release|x64.ActiveCfg = Release|Any CPU
		{63BC0DA3-E310-460B-B66F-05CD28D6EEC7}.Release|x64.Build.0 = Release|Any CPU
		{63BC0DA3-E310-460B-B66F-05CD28D6EEC7}.Release|x86.ActiveCfg = Release|Any CPU
		{63BC0DA3-E310-460B-B66F-05CD28D6EEC7}.Release|x86.Build.0 = Release|Any CPU
		{824A50AD-192D-4C4D-A95A-F3B8A3B1FF2B}.Debug|Any CPU.ActiveCfg = Debug|Any CPU
		{824A50AD-192D-4C4D-A95A-F3B8A3B1FF2B}.Debug|Any CPU.Build.0 = Debug|Any CPU
		{824A50AD-192D-4C4D-A95A-F3B8A3B1FF2B}.Debug|x64.ActiveCfg = Debug|Any CPU
		{824A50AD-192D-4C4D-A95A-F3B8A3B1FF2B}.Debug|x64.Build.0 = Debug|Any CPU
		{824A50AD-192D-4C4D-A95A-F3B8A3B1FF2B}.Debug|x86.ActiveCfg = Debug|Any CPU
		{824A50AD-192D-4C4D-A95A-F3B8A3B1FF2B}.Debug|x86.Build.0 = Debug|Any CPU
		{824A50AD-192D-4C4D-A95A-F3B8A3B1FF2B}.Release|Any CPU.ActiveCfg = Release|Any CPU
		{824A50AD-192D-4C4D-A95A-F3B8A3B1FF2B}.Release|Any CPU.Build.0 = Release|Any CPU
		{824A50AD-192D-4C4D-A95A-F3B8A3B1FF2B}.Release|x64.ActiveCfg = Release|Any CPU
		{824A50AD-192D-4C4D-A95A-F3B8A3B1FF2B}.Release|x64.Build.0 = Release|Any CPU
		{824A50AD-192D-4C4D-A95A-F3B8A3B1FF2B}.Release|x86.ActiveCfg = Release|Any CPU
		{824A50AD-192D-4C4D-A95A-F3B8A3B1FF2B}.Release|x86.Build.0 = Release|Any CPU
		{B005BD6B-979D-48B3-A6A8-D675A35EB6EB}.Debug|Any CPU.ActiveCfg = Debug|Any CPU
		{B005BD6B-979D-48B3-A6A8-D675A35EB6EB}.Debug|Any CPU.Build.0 = Debug|Any CPU
		{B005BD6B-979D-48B3-A6A8-D675A35EB6EB}.Debug|x64.ActiveCfg = Debug|Any CPU
		{B005BD6B-979D-48B3-A6A8-D675A35EB6EB}.Debug|x64.Build.0 = Debug|Any CPU
		{B005BD6B-979D-48B3-A6A8-D675A35EB6EB}.Debug|x86.ActiveCfg = Debug|Any CPU
		{B005BD6B-979D-48B3-A6A8-D675A35EB6EB}.Debug|x86.Build.0 = Debug|Any CPU
		{B005BD6B-979D-48B3-A6A8-D675A35EB6EB}.Release|Any CPU.ActiveCfg = Release|Any CPU
		{B005BD6B-979D-48B3-A6A8-D675A35EB6EB}.Release|Any CPU.Build.0 = Release|Any CPU
		{B005BD6B-979D-48B3-A6A8-D675A35EB6EB}.Release|x64.ActiveCfg = Release|Any CPU
		{B005BD6B-979D-48B3-A6A8-D675A35EB6EB}.Release|x64.Build.0 = Release|Any CPU
		{B005BD6B-979D-48B3-A6A8-D675A35EB6EB}.Release|x86.ActiveCfg = Release|Any CPU
		{B005BD6B-979D-48B3-A6A8-D675A35EB6EB}.Release|x86.Build.0 = Release|Any CPU
	EndGlobalSection
EndGlobal
